# This file is automatically @generated by Cargo.
# It is not intended for manual editing.
version = 3

[[package]]
name = "rtblint"
version = "0.0.1"
dependencies = [
 "rtblint-core",
]

[[package]]
name = "rtblint-core"
version = "0.0.1"

[[package]]
name = "rtblint-mcp"
version = "0.0.1"
dependencies = [
 "rtblint-core",
]
